{
  "requires": true,
  "lockfileVersion": 1,
  "dependencies": {
    "@antv/adjust": {
      "version": "0.1.1",
      "resolved": "https://registry.npmjs.org/@antv/adjust/-/adjust-0.1.1.tgz",
      "integrity": "sha512-9FaMOyBlM4AgoRL0b5o0VhEKAYkexBNUrxV8XmpHU/9NBPJONBOB/NZUlQDqxtLItrt91tCfbAuMQmF529UX2Q==",
      "requires": {
        "@antv/util": "~1.3.1"
      },
      "dependencies": {
        "@antv/util": {
          "version": "1.3.1",
          "resolved": "https://registry.npmjs.org/@antv/util/-/util-1.3.1.tgz",
          "integrity": "sha512-cbUta0hIJrKEaW3eKoGarz3Ita+9qUPF2YzTj8A6wds/nNiy20G26ztIWHU+5ThLc13B1n5Ik52LbaCaeg9enA==",
          "requires": {
            "@antv/gl-matrix": "^2.7.1"
          }
        }
      }
    },
    "@antv/f2": {
      "version": "3.7.1",
      "resolved": "https://registry.npmjs.org/@antv/f2/-/f2-3.7.1.tgz",
      "integrity": "sha512-BAl/o4qHaGCa9m6gvjIB70RFXRpsZUzXwep1WOwGpnHV9jwDw4sjE2o3ibaY3VOUwr7oMrFxC+f3gx15ja3JeA==",
      "requires": {
        "@antv/adjust": "~0.1.1",
        "@antv/scale": "0.1.3",
        "@antv/util": "~2.0.6",
        "@babel/runtime": "^7.7.7",
        "@types/hammerjs": "^2.0.36",
        "hammerjs": "^2.0.8",
        "type-fest": "^0.15.1"
      }
    },
    "@antv/gl-matrix": {
      "version": "2.7.1",
      "resolved": "https://registry.npmjs.org/@antv/gl-matrix/-/gl-matrix-2.7.1.tgz",
      "integrity": "sha512-oOWcVNlpELIKi9x+Mm1Vwbz8pXfkbJKykoCIOJ/dNK79hSIANbpXJ5d3Rra9/wZqK6MC961B7sybFhPlLraT3Q=="
    },
    "@antv/scale": {
      "version": "0.1.3",
      "resolved": "https://registry.npmjs.org/@antv/scale/-/scale-0.1.3.tgz",
      "integrity": "sha512-oknlOg4OUqIh8LygrfQttx+OAnNJm2fQ81si4g8aby1WJJwj/TU1gCr+J3loIpKBtBK4VpP/OzTTqg1Ym67SOQ==",
      "requires": {
        "@antv/util": "~1.3.1",
        "fecha": "~2.3.3"
      },
      "dependencies": {
        "@antv/util": {
          "version": "1.3.1",
          "resolved": "https://registry.npmjs.org/@antv/util/-/util-1.3.1.tgz",
          "integrity": "sha512-cbUta0hIJrKEaW3eKoGarz3Ita+9qUPF2YzTj8A6wds/nNiy20G26ztIWHU+5ThLc13B1n5Ik52LbaCaeg9enA==",
          "requires": {
            "@antv/gl-matrix": "^2.7.1"
          }
        }
      }
    },
    "@antv/util": {
      "version": "2.0.9",
      "resolved": "https://registry.npmjs.org/@antv/util/-/util-2.0.9.tgz",
      "integrity": "sha512-JblWzne7msAPDdxkUhEk8zAz0Wd6igKwqymGbvIeyOydGrhBhGjA3nEayFj4IlG+XixCvGFKsCB4yuFS4glRIA==",
      "requires": {
        "tslib": "^1.10.0"
      }
    },
    "@babel/runtime": {
      "version": "7.11.0",
      "resolved": "https://registry.npmjs.org/@babel/runtime/-/runtime-7.11.0.tgz",
      "integrity": "sha512-qArkXsjJq7H+T86WrIFV0Fnu/tNOkZ4cgXmjkzAu3b/58D5mFIO8JH/y77t7C9q0OdDRdh9s7Ue5GasYssxtXw==",
      "requires": {
        "regenerator-runtime": "^0.13.4"
      }
    },
    "@types/hammerjs": {
      "version": "2.0.36",
      "resolved": "https://registry.npmjs.org/@types/hammerjs/-/hammerjs-2.0.36.tgz",
      "integrity": "sha512-7TUK/k2/QGpEAv/BCwSHlYu3NXZhQ9ZwBYpzr9tjlPIL2C5BeGhH3DmVavRx3ZNyELX5TLC91JTz/cen6AAtIQ=="
    },
    "core-js": {
      "version": "3.6.5",
      "resolved": "https://registry.npmjs.org/core-js/-/core-js-3.6.5.tgz",
      "integrity": "sha512-vZVEEwZoIsI+vPEuoF9Iqf5H7/M3eeQqWlQnYa8FSKKePuYTf5MWnxb5SDAzCa60b3JBRS5g9b+Dq7b1y/RCrA=="
    },
    "echarts": {
      "version": "4.8.0",
      "resolved": "https://registry.npmjs.org/echarts/-/echarts-4.8.0.tgz",
      "integrity": "sha512-YwShpug8fWngj/RlgxDaYrLBoD+LsZUArrusjNPHpAF+is+gGe38xx4W848AwWMGoi745t3OXM52JedNrv+F6g==",
      "requires": {
        "zrender": "4.3.1"
      }
    },
    "fecha": {
      "version": "2.3.3",
      "resolved": "https://registry.npmjs.org/fecha/-/fecha-2.3.3.tgz",
      "integrity": "sha512-lUGBnIamTAwk4znq5BcqsDaxSmZ9nDVJaij6NvRt/Tg4R69gERA+otPKbS86ROw9nxVMw2/mp1fnaiWqbs6Sdg=="
    },
    "hammerjs": {
      "version": "2.0.8",
      "resolved": "https://registry.npmjs.org/hammerjs/-/hammerjs-2.0.8.tgz",
      "integrity": "sha1-BO93hiz/K7edMPdpIJWTAiK/YPE="
    },
    "lodash": {
      "version": "4.17.19",
      "resolved": "https://registry.npmjs.org/lodash/-/lodash-4.17.19.tgz",
      "integrity": "sha512-JNvd8XER9GQX0v2qJgsaN/mzFCNA5BRe/j8JN9d+tWyGLSodKQHKFicdwNYzWwI3wjRnaKPsGj1XkBjx/F96DQ=="
    },
    "prettier": {
      "version": "1.12.1",
      "resolved": "http://registry.npm.taobao.org/prettier/download/prettier-1.12.1.tgz",
      "integrity": "sha1-wa0g6APndJ+vkFpAnSNn4Gu+cyU="
    },
    "regenerator-runtime": {
      "version": "0.13.7",
      "resolved": "https://registry.npmjs.org/regenerator-runtime/-/regenerator-runtime-0.13.7.tgz",
      "integrity": "sha512-a54FxoJDIr27pgf7IgeQGxmqUNYrcV338lf/6gH456HZ/PhX+5BcwHXG9ajESmwe6WRO0tAzRUrRmNONWgkrew=="
    },
    "resize-detector": {
      "version": "0.1.10",
      "resolved": "https://registry.npmjs.org/resize-detector/-/resize-detector-0.1.10.tgz",
      "integrity": "sha512-iLcXC8A6Fb0DfA+TRiywrK/0A22bFqkhntjMJMEzXDA4XkcEkfwpNbv7W8iewUiD0xYIaeiXOfiEehTqGKsUFw=="
    },
    "tslib": {
      "version": "1.13.0",
      "resolved": "https://registry.npmjs.org/tslib/-/tslib-1.13.0.tgz",
      "integrity": "sha512-i/6DQjL8Xf3be4K/E6Wgpekn5Qasl1usyw++dAA35Ue5orEn65VIxOA+YvNNl9HV3qv70T7CNwjODHZrLwvd1Q=="
    },
    "type-fest": {
      "version": "0.15.1",
      "resolved": "https://registry.npmjs.org/type-fest/-/type-fest-0.15.1.tgz",
      "integrity": "sha512-n+UXrN8i5ioo7kqT/nF8xsEzLaqFra7k32SEsSPwvXVGyAcRgV/FUQN/sgfptJTR1oRmmq7z4IXMFSM7im7C9A=="
    },
    "vue-echarts": {
      "version": "5.0.0-beta.0",
      "resolved": "https://registry.npmjs.org/vue-echarts/-/vue-echarts-5.0.0-beta.0.tgz",
      "integrity": "sha512-QZFKGXDAYFQo+F20REpzcdLx79nsl4kOorJRpN+08aYq4YiIlmtWss1Lxadm7Fo+NYyWm8nnT+h4xHv3uqWIDQ==",
      "requires": {
        "core-js": "^3.4.4",
        "lodash": "^4.17.15",
        "resize-detector": "^0.1.10"
      }
    },
    "zrender": {
      "version": "4.3.1",
      "resolved": "https://registry.npmjs.org/zrender/-/zrender-4.3.1.tgz",
      "integrity": "sha512-CeH2TpJeCdG0TAGYoPSAcFX2ogdug1K7LIn9UO/q9HWqQ54gWhrMAlDP9AwWYMUDhrPe4VeazQ4DW3msD96nUQ=="
    }
  }
}
